// !$*UTF8*$!
{
	archiveVersion = 1;
	classes = {
	};
	objectVersion = 55;
	objects = {

/* Begin PBXBuildFile section */
		0376595428AAD9420056CCEA /* ConcurrencyApp.swift in Sources */ = {isa = PBXBuildFile; fileRef = 0376595328AAD9420056CCEA /* ConcurrencyApp.swift */; };
		0376595628AAD9420056CCEA /* BasicAwaitAsyncView.swift in Sources */ = {isa = PBXBuildFile; fileRef = 0376595528AAD9420056CCEA /* BasicAwaitAsyncView.swift */; };
		0376595828AAD9430056CCEA /* Assets.xcassets in Resources */ = {isa = PBXBuildFile; fileRef = 0376595728AAD9430056CCEA /* Assets.xcassets */; };
		0376595B28AAD9430056CCEA /* Preview Assets.xcassets in Resources */ = {isa = PBXBuildFile; fileRef = 0376595A28AAD9430056CCEA /* Preview Assets.xcassets */; };
		0376596328AAD98B0056CCEA /* BasicAwaitAsyncViewModel.swift in Sources */ = {isa = PBXBuildFile; fileRef = 0376596228AAD98B0056CCEA /* BasicAwaitAsyncViewModel.swift */; };
		03F11AB928B6864B00A29AF7 /* AsyncStreamView.swift in Sources */ = {isa = PBXBuildFile; fileRef = 03F11AB828B6864B00A29AF7 /* AsyncStreamView.swift */; };
		03F16D9728B6548F002C72BE /* AsyncSequenceView.swift in Sources */ = {isa = PBXBuildFile; fileRef = 03F16D9528B6548F002C72BE /* AsyncSequenceView.swift */; };
		03F16D9828B6548F002C72BE /* AsyncSequenceViewModel.swift in Sources */ = {isa = PBXBuildFile; fileRef = 03F16D9628B6548F002C72BE /* AsyncSequenceViewModel.swift */; };
		03F16D9D28B657AF002C72BE /* AsyncSim.swift in Sources */ = {isa = PBXBuildFile; fileRef = 03F16D9C28B657AF002C72BE /* AsyncSim.swift */; };
/* End PBXBuildFile section */

/* Begin PBXFileReference section */
		0376595028AAD9420056CCEA /* Concurrency.app */ = {isa = PBXFileReference; explicitFileType = wrapper.application; includeInIndex = 0; path = Concurrency.app; sourceTree = BUILT_PRODUCTS_DIR; };
		0376595328AAD9420056CCEA /* ConcurrencyApp.swift */ = {isa = PBXFileReference; lastKnownFileType = sourcecode.swift; path = ConcurrencyApp.swift; sourceTree = "<group>"; };
		0376595528AAD9420056CCEA /* BasicAwaitAsyncView.swift */ = {isa = PBXFileReference; lastKnownFileType = sourcecode.swift; path = BasicAwaitAsyncView.swift; sourceTree = "<group>"; };
		0376595728AAD9430056CCEA /* Assets.xcassets */ = {isa = PBXFileReference; lastKnownFileType = folder.assetcatalog; path = Assets.xcassets; sourceTree = "<group>"; };
		0376595A28AAD9430056CCEA /* Preview Assets.xcassets */ = {isa = PBXFileReference; lastKnownFileType = folder.assetcatalog; path = "Preview Assets.xcassets"; sourceTree = "<group>"; };
		0376596228AAD98B0056CCEA /* BasicAwaitAsyncViewModel.swift */ = {isa = PBXFileReference; lastKnownFileType = sourcecode.swift; path = BasicAwaitAsyncViewModel.swift; sourceTree = "<group>"; };
		03F11AB828B6864B00A29AF7 /* AsyncStreamView.swift */ = {isa = PBXFileReference; lastKnownFileType = sourcecode.swift; path = AsyncStreamView.swift; sourceTree = "<group>"; };
		03F16D9528B6548F002C72BE /* AsyncSequenceView.swift */ = {isa = PBXFileReference; fileEncoding = 4; lastKnownFileType = sourcecode.swift; path = AsyncSequenceView.swift; sourceTree = "<group>"; };
		03F16D9628B6548F002C72BE /* AsyncSequenceViewModel.swift */ = {isa = PBXFileReference; fileEncoding = 4; lastKnownFileType = sourcecode.swift; path = AsyncSequenceViewModel.swift; sourceTree = "<group>"; };
		03F16D9928B65523002C72BE /* AwaitAsync.md */ = {isa = PBXFileReference; lastKnownFileType = net.daringfireball.markdown; path = AwaitAsync.md; sourceTree = "<group>"; };
		03F16D9C28B657AF002C72BE /* AsyncSim.swift */ = {isa = PBXFileReference; lastKnownFileType = sourcecode.swift; path = AsyncSim.swift; sourceTree = "<group>"; };
/* End PBXFileReference section */

/* Begin PBXFrameworksBuildPhase section */
		0376594D28AAD9420056CCEA /* Frameworks */ = {
			isa = PBXFrameworksBuildPhase;
			buildActionMask = 2147483647;
			files = (
			);
			runOnlyForDeploymentPostprocessing = 0;
		};
/* End PBXFrameworksBuildPhase section */

/* Begin PBXGroup section */
		0376594728AAD9420056CCEA = {
			isa = PBXGroup;
			children = (
				0376595228AAD9420056CCEA /* Concurrency */,
				0376595128AAD9420056CCEA /* Products */,
			);
			sourceTree = "<group>";
		};
		0376595128AAD9420056CCEA /* Products */ = {
			isa = PBXGroup;
			children = (
				0376595028AAD9420056CCEA /* Concurrency.app */,
			);
			name = Products;
			sourceTree = "<group>";
		};
		0376595228AAD9420056CCEA /* Concurrency */ = {
			isa = PBXGroup;
			children = (
				03F16D9428B6545D002C72BE /* AsyncAwait */,
				0376596428AAE1560056CCEA /* Utils */,
				0376595328AAD9420056CCEA /* ConcurrencyApp.swift */,
				0376595728AAD9430056CCEA /* Assets.xcassets */,
				0376595928AAD9430056CCEA /* Preview Content */,
			);
			path = Concurrency;
			sourceTree = "<group>";
		};
		0376595928AAD9430056CCEA /* Preview Content */ = {
			isa = PBXGroup;
			children = (
				0376595A28AAD9430056CCEA /* Preview Assets.xcassets */,
			);
			path = "Preview Content";
			sourceTree = "<group>";
		};
		0376596128AAD9550056CCEA /* AsyncAwait */ = {
			isa = PBXGroup;
			children = (
				0376595528AAD9420056CCEA /* BasicAwaitAsyncView.swift */,
				0376596228AAD98B0056CCEA /* BasicAwaitAsyncViewModel.swift */,
			);
			path = AsyncAwait;
			sourceTree = "<group>";
		};
		0376596428AAE1560056CCEA /* Utils */ = {
			isa = PBXGroup;
			children = (
				03F16D9C28B657AF002C72BE /* AsyncSim.swift */,
			);
			path = Utils;
			sourceTree = "<group>";
		};
		03F11AB628B662A600A29AF7 /* AsyncStream */ = {
			isa = PBXGroup;
			children = (
				03F11AB828B6864B00A29AF7 /* AsyncStreamView.swift */,
			);
			path = AsyncStream;
			sourceTree = "<group>";
		};
		03F16D9328B6544B002C72BE /* AsyncSequence */ = {
			isa = PBXGroup;
			children = (
				03F16D9528B6548F002C72BE /* AsyncSequenceView.swift */,
				03F16D9628B6548F002C72BE /* AsyncSequenceViewModel.swift */,
			);
			path = AsyncSequence;
			sourceTree = "<group>";
		};
		03F16D9428B6545D002C72BE /* AsyncAwait */ = {
			isa = PBXGroup;
			children = (
				03F16D9928B65523002C72BE /* AwaitAsync.md */,
				03F11AB628B662A600A29AF7 /* AsyncStream */,
				03F16D9328B6544B002C72BE /* AsyncSequence */,
				0376596128AAD9550056CCEA /* AsyncAwait */,
			);
			path = AsyncAwait;
			sourceTree = "<group>";
		};
/* End PBXGroup section */

/* Begin PBXNativeTarget section */
		0376594F28AAD9420056CCEA /* Concurrency */ = {
			isa = PBXNativeTarget;
			buildConfigurationList = 0376595E28AAD9430056CCEA /* Build configuration list for PBXNativeTarget "Concurrency" */;
			buildPhases = (
				0376594C28AAD9420056CCEA /* Sources */,
				0376594D28AAD9420056CCEA /* Frameworks */,
				0376594E28AAD9420056CCEA /* Resources */,
			);
			buildRules = (
			);
			dependencies = (
			);
			name = Concurrency;
			productName = Concurrency;
			productReference = 0376595028AAD9420056CCEA /* Concurrency.app */;
			productType = "com.apple.product-type.application";
		};
/* End PBXNativeTarget section */

/* Begin PBXProject section */
		0376594828AAD9420056CCEA /* Project object */ = {
			isa = PBXProject;
			attributes = {
				BuildIndependentTargetsInParallel = 1;
				LastSwiftUpdateCheck = 1330;
				LastUpgradeCheck = 1330;
				TargetAttributes = {
					0376594F28AAD9420056CCEA = {
						CreatedOnToolsVersion = 13.3.1;
					};
				};
			};
			buildConfigurationList = 0376594B28AAD9420056CCEA /* Build configuration list for PBXProject "Concurrency" */;
			compatibilityVersion = "Xcode 13.0";
			developmentRegion = en;
			hasScannedForEncodings = 0;
			knownRegions = (
				en,
				Base,
			);
			mainGroup = 0376594728AAD9420056CCEA;
			productRefGroup = 0376595128AAD9420056CCEA /* Products */;
			projectDirPath = "";
			projectRoot = "";
			targets = (
				0376594F28AAD9420056CCEA /* Concurrency */,
			);
		};
/* End PBXProject section */

/* Begin PBXResourcesBuildPhase section */
		0376594E28AAD9420056CCEA /* Resources */ = {
			isa = PBXResourcesBuildPhase;
			buildActionMask = 2147483647;
			files = (
				0376595B28AAD9430056CCEA /* Preview Assets.xcassets in Resources */,
				0376595828AAD9430056CCEA /* Assets.xcassets in Resources */,
			);
			runOnlyForDeploymentPostprocessing = 0;
		};
/* End PBXResourcesBuildPhase section */

/* Begin PBXSourcesBuildPhase section */
		0376594C28AAD9420056CCEA /* Sources */ = {
			isa = PBXSourcesBuildPhase;
			buildActionMask = 2147483647;
			files = (
				03F16D9728B6548F002C72BE /* AsyncSequenceView.swift in Sources */,
				0376595628AAD9420056CCEA /* BasicAwaitAsyncView.swift in Sources */,
				03F16D9D28B657AF002C72BE /* AsyncSim.swift in Sources */,
				0376596328AAD98B0056CCEA /* BasicAwaitAsyncViewModel.swift in Sources */,
				03F16D9828B6548F002C72BE /* AsyncSequenceViewModel.swift in Sources */,
				03F11AB928B6864B00A29AF7 /* AsyncStreamView.swift in Sources */,
				0376595428AAD9420056CCEA /* ConcurrencyApp.swift in Sources */,
			);
			runOnlyForDeploymentPostprocessing = 0;
		};
/* End PBXSourcesBuildPhase section */

/* Begin XCBuildConfiguration section */
		0376595C28AAD9430056CCEA /* Debug */ = {
			isa = XCBuildConfiguration;
			buildSettings = {
				ALWAYS_SEARCH_USER_PATHS = NO;
				CLANG_ANALYZER_NONNULL = YES;
				CLANG_ANALYZER_NUMBER_OBJECT_CONVERSION = YES_AGGRESSIVE;
				CLANG_CXX_LANGUAGE_STANDARD = "gnu++17";
				CLANG_ENABLE_MODULES = YES;
				CLANG_ENABLE_OBJC_ARC = YES;
				CLANG_ENABLE_OBJC_WEAK = YES;
				CLANG_WARN_BLOCK_CAPTURE_AUTORELEASING = YES;
				CLANG_WARN_BOOL_CONVERSION = YES;
				CLANG_WARN_COMMA = YES;
				CLANG_WARN_CONSTANT_CONVERSION = YES;
				CLANG_WARN_DEPRECATED_OBJC_IMPLEMENTATIONS = YES;
				CLANG_WARN_DIRECT_OBJC_ISA_USAGE = YES_ERROR;
				CLANG_WARN_DOCUMENTATION_COMMENTS = YES;
				CLANG_WARN_EMPTY_BODY = YES;
				CLANG_WARN_ENUM_CONVERSION = YES;
				CLANG_WARN_INFINITE_RECURSION = YES;
				CLANG_WARN_INT_CONVERSION = YES;
				CLANG_WARN_NON_LITERAL_NULL_CONVERSION = YES;
				CLANG_WARN_OBJC_IMPLICIT_RETAIN_SELF = YES;
				CLANG_WARN_OBJC_LITERAL_CONVERSION = YES;
				CLANG_WARN_OBJC_ROOT_CLASS = YES_ERROR;
				CLANG_WARN_QUOTED_INCLUDE_IN_FRAMEWORK_HEADER = YES;
				CLANG_WARN_RANGE_LOOP_ANALYSIS = YES;
				CLANG_WARN_STRICT_PROTOTYPES = YES;
				CLANG_WARN_SUSPICIOUS_MOVE = YES;
				CLANG_WARN_UNGUARDED_AVAILABILITY = YES_AGGRESSIVE;
				CLANG_WARN_UNREACHABLE_CODE = YES;
				CLANG_WARN__DUPLICATE_METHOD_MATCH = YES;
				COPY_PHASE_STRIP = NO;
				DEBUG_INFORMATION_FORMAT = dwarf;
				ENABLE_STRICT_OBJC_MSGSEND = YES;
				ENABLE_TESTABILITY = YES;
				GCC_C_LANGUAGE_STANDARD = gnu11;
				GCC_DYNAMIC_NO_PIC = NO;
				GCC_NO_COMMON_BLOCKS = YES;
				GCC_OPTIMIZATION_LEVEL = 0;
				GCC_PREPROCESSOR_DEFINITIONS = (
					"DEBUG=1",
					"$(inherited)",
				);
				GCC_WARN_64_TO_32_BIT_CONVERSION = YES;
				GCC_WARN_ABOUT_RETURN_TYPE = YES_ERROR;
				GCC_WARN_UNDECLARED_SELECTOR = YES;
				GCC_WARN_UNINITIALIZED_AUTOS = YES_AGGRESSIVE;
				GCC_WARN_UNUSED_FUNCTION = YES;
				GCC_WARN_UNUSED_VARIABLE = YES;
				IPHONEOS_DEPLOYMENT_TARGET = 15.4;
				MTL_ENABLE_DEBUG_INFO = INCLUDE_SOURCE;
				MTL_FAST_MATH = YES;
				ONLY_ACTIVE_ARCH = YES;
				SDKROOT = iphoneos;
				SWIFT_ACTIVE_COMPILATION_CONDITIONS = DEBUG;
				SWIFT_OPTIMIZATION_LEVEL = "-Onone";
			};
			name = Debug;
		};
		0376595D28AAD9430056CCEA /* Release */ = {
			isa = XCBuildConfiguration;
			buildSettings = {
				ALWAYS_SEARCH_USER_PATHS = NO;
				CLANG_ANALYZER_NONNULL = YES;
				CLANG_ANALYZER_NUMBER_OBJECT_CONVERSION = YES_AGGRESSIVE;
				CLANG_CXX_LANGUAGE_STANDARD = "gnu++17";
				CLANG_ENABLE_MODULES = YES;
				CLANG_ENABLE_OBJC_ARC = YES;
				CLANG_ENABLE_OBJC_WEAK = YES;
				CLANG_WARN_BLOCK_CAPTURE_AUTORELEASING = YES;
				CLANG_WARN_BOOL_CONVERSION = YES;
				CLANG_WARN_COMMA = YES;
				CLANG_WARN_CONSTANT_CONVERSION = YES;
				CLANG_WARN_DEPRECATED_OBJC_IMPLEMENTATIONS = YES;
				CLANG_WARN_DIRECT_OBJC_ISA_USAGE = YES_ERROR;
				CLANG_WARN_DOCUMENTATION_COMMENTS = YES;
				CLANG_WARN_EMPTY_BODY = YES;
				CLANG_WARN_ENUM_CONVERSION = YES;
				CLANG_WARN_INFINITE_RECURSION = YES;
				CLANG_WARN_INT_CONVERSION = YES;
				CLANG_WARN_NON_LITERAL_NULL_CONVERSION = YES;
				CLANG_WARN_OBJC_IMPLICIT_RETAIN_SELF = YES;
				CLANG_WARN_OBJC_LITERAL_CONVERSION = YES;
				CLANG_WARN_OBJC_ROOT_CLASS = YES_ERROR;
				CLANG_WARN_QUOTED_INCLUDE_IN_FRAMEWORK_HEADER = YES;
				CLANG_WARN_RANGE_LOOP_ANALYSIS = YES;
				CLANG_WARN_STRICT_PROTOTYPES = YES;
				CLANG_WARN_SUSPICIOUS_MOVE = YES;
				CLANG_WARN_UNGUARDED_AVAILABILITY = YES_AGGRESSIVE;
				CLANG_WARN_UNREACHABLE_CODE = YES;
				CLANG_WARN__DUPLICATE_METHOD_MATCH = YES;
				COPY_PHASE_STRIP = NO;
				DEBUG_INFORMATION_FORMAT = "dwarf-with-dsym";
				ENABLE_NS_ASSERTIONS = NO;
				ENABLE_STRICT_OBJC_MSGSEND = YES;
				GCC_C_LANGUAGE_STANDARD = gnu11;
				GCC_NO_COMMON_BLOCKS = YES;
				GCC_WARN_64_TO_32_BIT_CONVERSION = YES;
				GCC_WARN_ABOUT_RETURN_TYPE = YES_ERROR;
				GCC_WARN_UNDECLARED_SELECTOR = YES;
				GCC_WARN_UNINITIALIZED_AUTOS = YES_AGGRESSIVE;
				GCC_WARN_UNUSED_FUNCTION = YES;
				GCC_WARN_UNUSED_VARIABLE = YES;
				IPHONEOS_DEPLOYMENT_TARGET = 15.4;
				MTL_ENABLE_DEBUG_INFO = NO;
				MTL_FAST_MATH = YES;
				SDKROOT = iphoneos;
				SWIFT_COMPILATION_MODE = wholemodule;
				SWIFT_OPTIMIZATION_LEVEL = "-O";
				VALIDATE_PRODUCT = YES;
			};
			name = Release;
		};
		0376595F28AAD9430056CCEA /* Debug */ = {
			isa = XCBuildConfiguration;
			buildSettings = {
				ASSETCATALOG_COMPILER_APPICON_NAME = AppIcon;
				ASSETCATALOG_COMPILER_GLOBAL_ACCENT_COLOR_NAME = AccentColor;
				CODE_SIGN_STYLE = Automatic;
				CURRENT_PROJECT_VERSION = 1;
				DEVELOPMENT_ASSET_PATHS = "\"Concurrency/Preview Content\"";
				DEVELOPMENT_TEAM = KH7X9H9X6J;
				ENABLE_PREVIEWS = YES;
				GENERATE_INFOPLIST_FILE = YES;
				INFOPLIST_KEY_UIApplicationSceneManifest_Generation = YES;
				INFOPLIST_KEY_UIApplicationSupportsIndirectInputEvents = YES;
				INFOPLIST_KEY_UILaunchScreen_Generation = YES;
				INFOPLIST_KEY_UISupportedInterfaceOrientations_iPad = "UIInterfaceOrientationPortrait UIInterfaceOrientationPortraitUpsideDown UIInterfaceOrientationLandscapeLeft UIInterfaceOrientationLandscapeRight";
				INFOPLIST_KEY_UISupportedInterfaceOrientations_iPhone = "UIInterfaceOrientationPortrait UIInterfaceOrientationLandscapeLeft UIInterfaceOrientationLandscapeRight";
				LD_RUNPATH_SEARCH_PATHS = (
					"$(inherited)",
					"@executable_path/Frameworks",
				);
				MARKETING_VERSION = 1.0;
				PRODUCT_BUNDLE_IDENTIFIER = concurrency.com.test.Concurrency;
				PRODUCT_NAME = "$(TARGET_NAME)";
				SWIFT_EMIT_LOC_STRINGS = YES;
				SWIFT_VERSION = 5.0;
				TARGETED_DEVICE_FAMILY = "1,2";
			};
			name = Debug;
		};
		0376596028AAD9430056CCEA /* Release */ = {
			isa = XCBuildConfiguration;
			buildSettings = {
				ASSETCATALOG_COMPILER_APPICON_NAME = AppIcon;
				ASSETCATALOG_COMPILER_GLOBAL_ACCENT_COLOR_NAME = AccentColor;
				CODE_SIGN_STYLE = Automatic;
				CURRENT_PROJECT_VERSION = 1;
				DEVELOPMENT_ASSET_PATHS = "\"Concurrency/Preview Content\"";
				DEVELOPMENT_TEAM = KH7X9H9X6J;
				ENABLE_PREVIEWS = YES;
				GENERATE_INFOPLIST_FILE = YES;
				INFOPLIST_KEY_UIApplicationSceneManifest_Generation = YES;
				INFOPLIST_KEY_UIApplicationSupportsIndirectInputEvents = YES;
				INFOPLIST_KEY_UILaunchScreen_Generation = YES;
				INFOPLIST_KEY_UISupportedInterfaceOrientations_iPad = "UIInterfaceOrientationPortrait UIInterfaceOrientationPortraitUpsideDown UIInterfaceOrientationLandscapeLeft UIInterfaceOrientationLandscapeRight";
				INFOPLIST_KEY_UISupportedInterfaceOrientations_iPhone = "UIInterfaceOrientationPortrait UIInterfaceOrientationLandscapeLeft UIInterfaceOrientationLandscapeRight";
				LD_RUNPATH_SEARCH_PATHS = (
					"$(inherited)",
					"@executable_path/Frameworks",
				);
				MARKETING_VERSION = 1.0;
				PRODUCT_BUNDLE_IDENTIFIER = concurrency.com.test.Concurrency;
				PRODUCT_NAME = "$(TARGET_NAME)";
				SWIFT_EMIT_LOC_STRINGS = YES;
				SWIFT_VERSION = 5.0;
				TARGETED_DEVICE_FAMILY = "1,2";
			};
			name = Release;
		};
/* End XCBuildConfiguration section */

/* Begin XCConfigurationList section */
		0376594B28AAD9420056CCEA /* Build configuration list for PBXProject "Concurrency" */ = {
			isa = XCConfigurationList;
			buildConfigurations = (
				0376595C28AAD9430056CCEA /* Debug */,
				0376595D28AAD9430056CCEA /* Release */,
			);
			defaultConfigurationIsVisible = 0;
			defaultConfigurationName = Release;
		};
		0376595E28AAD9430056CCEA /* Build configuration list for PBXNativeTarget "Concurrency" */ = {
			isa = XCConfigurationList;
			buildConfigurations = (
				0376595F28AAD9430056CCEA /* Debug */,
				0376596028AAD9430056CCEA /* Release */,
			);
			defaultConfigurationIsVisible = 0;
			defaultConfigurationName = Release;
		};
/* End XCConfigurationList section */
	};
	rootObject = 0376594828AAD9420056CCEA /* Project object */;
}
